
Microsoft Visual Studio Solution File, Format Version 12.00
# Visual Studio Version 17
VisualStudioVersion = 17.9.34728.123
MinimumVisualStudioVersion = 10.0.40219.1
Project("{FAE04EC0-301F-11D3-BF4B-00C04F79EFBC}") = "InventoryManagment", "InventoryManagment\InventoryManagment.csproj", "{7A608280-801F-4273-8AAC-5D1B0E0EC288}"
EndProject
Global
	GlobalSection(SolutionConfigurationPlatforms) = preSolution
		Debug|Any CPU = Debug|Any CPU
		Release|Any CPU = Release|Any CPU
	EndGlobalSection
	GlobalSection(ProjectConfigurationPlatforms) = postSolution
		{7A608280-801F-4273-8AAC-5D1B0E0EC288}.Debug|Any CPU.ActiveCfg = Debug|Any CPU
		{7A608280-801F-4273-8AAC-5D1B0E0EC288}.Debug|Any CPU.Build.0 = Debug|Any CPU
		{7A608280-801F-4273-8AAC-5D1B0E0EC288}.Release|Any CPU.ActiveCfg = Release|Any CPU
		{7A608280-801F-4273-8AAC-5D1B0E0EC288}.Release|Any CPU.Build.0 = Release|Any CPU
	EndGlobalSection
	GlobalSection(SolutionProperties) = preSolution
		HideSolutionNode = FALSE
	EndGlobalSection
	GlobalSection(ExtensibilityGlobals) = postSolution
		SolutionGuid = {AE3148C8-A7D9-4298-BC5F-7F6A60C12549}
	EndGlobalSection
EndGlobal
